# This file is automatically @generated by Poetry and should not be changed by hand.

[[package]]
name = "astor"
version = "0.8.1"
description = "Read/rewrite/write Python ASTs"
category = "dev"
optional = false
python-versions = "!=3.0.*,!=3.1.*,!=3.2.*,!=3.3.*,>=2.7"
files = [
    {file = "astor-0.8.1-py2.py3-none-any.whl", hash = "sha256:070a54e890cefb5b3739d19f30f5a5ec840ffc9c50ffa7d23cc9fc1a38ebbfc5"},
    {file = "astor-0.8.1.tar.gz", hash = "sha256:6a6effda93f4e1ce9f618779b2dd1d9d84f1e32812c23a29b3fff6fd7f63fa5e"},
]

[[package]]
name = "attrs"
version = "22.2.0"
description = "Classes Without Boilerplate"
category = "dev"
optional = false
python-versions = ">=3.6"
files = [
    {file = "attrs-22.2.0-py3-none-any.whl", hash = "sha256:29e95c7f6778868dbd49170f98f8818f78f3dc5e0e37c0b1f474e3561b240836"},
    {file = "attrs-22.2.0.tar.gz", hash = "sha256:c9227bfc2f01993c03f68db37d1d15c9690188323c067c641f1a35ca58185f99"},
]

[package.extras]
cov = ["attrs[tests]", "coverage-enable-subprocess", "coverage[toml] (>=5.3)"]
dev = ["attrs[docs,tests]"]
docs = ["furo", "myst-parser", "sphinx", "sphinx-notfound-page", "sphinxcontrib-towncrier", "towncrier", "zope.interface"]
tests = ["attrs[tests-no-zope]", "zope.interface"]
tests-no-zope = ["cloudpickle", "cloudpickle", "hypothesis", "hypothesis", "mypy (>=0.971,<0.990)", "mypy (>=0.971,<0.990)", "pympler", "pympler", "pytest (>=4.3.0)", "pytest (>=4.3.0)", "pytest-mypy-plugins", "pytest-mypy-plugins", "pytest-xdist[psutil]", "pytest-xdist[psutil]"]

[[package]]
name = "black"
version = "22.12.0"
description = "The uncompromising code formatter."
category = "dev"
optional = false
python-versions = ">=3.7"
files = [
    {file = "black-22.12.0-cp310-cp310-manylinux_2_17_x86_64.manylinux2014_x86_64.whl", hash = "sha256:9eedd20838bd5d75b80c9f5487dbcb06836a43833a37846cf1d8c1cc01cef59d"},
    {file = "black-22.12.0-cp310-cp310-win_amd64.whl", hash = "sha256:159a46a4947f73387b4d83e87ea006dbb2337eab6c879620a3ba52699b1f4351"},
    {file = "black-22.12.0-cp311-cp311-manylinux_2_17_x86_64.manylinux2014_x86_64.whl", hash = "sha256:d30b212bffeb1e252b31dd269dfae69dd17e06d92b87ad26e23890f3efea366f"},
    {file = "black-22.12.0-cp311-cp311-win_amd64.whl", hash = "sha256:7412e75863aa5c5411886804678b7d083c7c28421210180d67dfd8cf1221e1f4"},
    {file = "black-22.12.0-cp37-cp37m-manylinux_2_17_x86_64.manylinux2014_x86_64.whl", hash = "sha256:c116eed0efb9ff870ded8b62fe9f28dd61ef6e9ddd28d83d7d264a38417dcee2"},
    {file = "black-22.12.0-cp37-cp37m-win_amd64.whl", hash = "sha256:1f58cbe16dfe8c12b7434e50ff889fa479072096d79f0a7f25e4ab8e94cd8350"},
    {file = "black-22.12.0-cp38-cp38-manylinux_2_17_x86_64.manylinux2014_x86_64.whl", hash = "sha256:77d86c9f3db9b1bf6761244bc0b3572a546f5fe37917a044e02f3166d5aafa7d"},
    {file = "black-22.12.0-cp38-cp38-win_amd64.whl", hash = "sha256:82d9fe8fee3401e02e79767016b4907820a7dc28d70d137eb397b92ef3cc5bfc"},
    {file = "black-22.12.0-cp39-cp39-manylinux_2_17_x86_64.manylinux2014_x86_64.whl", hash = "sha256:101c69b23df9b44247bd88e1d7e90154336ac4992502d4197bdac35dd7ee3320"},
    {file = "black-22.12.0-cp39-cp39-win_amd64.whl", hash = "sha256:559c7a1ba9a006226f09e4916060982fd27334ae1998e7a38b3f33a37f7a2148"},
    {file = "black-22.12.0-py3-none-any.whl", hash = "sha256:436cc9167dd28040ad90d3b404aec22cedf24a6e4d7de221bec2730ec0c97bcf"},
    {file = "black-22.12.0.tar.gz", hash = "sha256:229351e5a18ca30f447bf724d007f890f97e13af070bb6ad4c0a441cd7596a2f"},
]

[package.dependencies]
click = ">=8.0.0"
mypy-extensions = ">=0.4.3"
pathspec = ">=0.9.0"
platformdirs = ">=2"
tomli = {version = ">=1.1.0", markers = "python_full_version < \"3.11.0a7\""}

[package.extras]
colorama = ["colorama (>=0.4.3)"]
d = ["aiohttp (>=3.7.4)"]
jupyter = ["ipython (>=7.8.0)", "tokenize-rt (>=3.2.0)"]
uvloop = ["uvloop (>=0.15.2)"]

[[package]]
name = "click"
version = "8.1.3"
description = "Composable command line interface toolkit"
category = "dev"
optional = false
python-versions = ">=3.7"
files = [
    {file = "click-8.1.3-py3-none-any.whl", hash = "sha256:bb4d8133cb15a609f44e8213d9b391b0809795062913b383c62be0ee95b1db48"},
    {file = "click-8.1.3.tar.gz", hash = "sha256:7682dc8afb30297001674575ea00d1814d808d6a36af415a82bd481d37ba7b8e"},
]

[package.dependencies]
colorama = {version = "*", markers = "platform_system == \"Windows\""}

[[package]]
name = "colorama"
version = "0.4.6"
description = "Cross-platform colored terminal text."
category = "dev"
optional = false
python-versions = "!=3.0.*,!=3.1.*,!=3.2.*,!=3.3.*,!=3.4.*,!=3.5.*,!=3.6.*,>=2.7"
files = [
    {file = "colorama-0.4.6-py2.py3-none-any.whl", hash = "sha256:4f1d9991f5acc0ca119f9d443620b77f9d6b33703e51011c16baf57afb285fc6"},
    {file = "colorama-0.4.6.tar.gz", hash = "sha256:08695f5cb7ed6e0531a20572697297273c47b8cae5a63ffc6d6ed5c201be6e44"},
]

[[package]]
name = "contextlib2"
version = "21.6.0"
description = "Backports and enhancements for the contextlib module"
category = "main"
optional = false
python-versions = ">=3.6"
files = [
    {file = "contextlib2-21.6.0-py2.py3-none-any.whl", hash = "sha256:3fbdb64466afd23abaf6c977627b75b6139a5a3e8ce38405c5b413aed7a0471f"},
    {file = "contextlib2-21.6.0.tar.gz", hash = "sha256:ab1e2bfe1d01d968e1b7e8d9023bc51ef3509bba217bb730cee3827e1ee82869"},
]

[[package]]
name = "coverage"
version = "7.0.1"
description = "Code coverage measurement for Python"
category = "dev"
optional = false
python-versions = ">=3.7"
files = [
    {file = "coverage-7.0.1-cp310-cp310-macosx_10_9_x86_64.whl", hash = "sha256:b3695c4f4750bca943b3e1f74ad4be8d29e4aeab927d50772c41359107bd5d5c"},
    {file = "coverage-7.0.1-cp310-cp310-macosx_11_0_arm64.whl", hash = "sha256:fa6a5a224b7f4cfb226f4fc55a57e8537fcc096f42219128c2c74c0e7d0953e1"},
    {file = "coverage-7.0.1-cp310-cp310-manylinux_2_17_aarch64.manylinux2014_aarch64.whl", hash = "sha256:74f70cd92669394eaf8d7756d1b195c8032cf7bbbdfce3bc489d4e15b3b8cf73"},
    {file = "coverage-7.0.1-cp310-cp310-manylinux_2_5_i686.manylinux1_i686.manylinux_2_17_i686.manylinux2014_i686.whl", hash = "sha256:b66bb21a23680dee0be66557dc6b02a3152ddb55edf9f6723fa4a93368f7158d"},
    {file = "coverage-7.0.1-cp310-cp310-manylinux_2_5_x86_64.manylinux1_x86_64.manylinux_2_17_x86_64.manylinux2014_x86_64.whl", hash = "sha256:d87717959d4d0ee9db08a0f1d80d21eb585aafe30f9b0a54ecf779a69cb015f6"},
    {file = "coverage-7.0.1-cp310-cp310-musllinux_1_1_aarch64.whl", hash = "sha256:854f22fa361d1ff914c7efa347398374cc7d567bdafa48ac3aa22334650dfba2"},
    {file = "coverage-7.0.1-cp310-cp310-musllinux_1_1_i686.whl", hash = "sha256:1e414dc32ee5c3f36544ea466b6f52f28a7af788653744b8570d0bf12ff34bc0"},
    {file = "coverage-7.0.1-cp310-cp310-musllinux_1_1_x86_64.whl", hash = "sha256:6c5ad996c6fa4d8ed669cfa1e8551348729d008a2caf81489ab9ea67cfbc7498"},
    {file = "coverage-7.0.1-cp310-cp310-win32.whl", hash = "sha256:691571f31ace1837838b7e421d3a09a8c00b4aac32efacb4fc9bd0a5c647d25a"},
    {file = "coverage-7.0.1-cp310-cp310-win_amd64.whl", hash = "sha256:89caf4425fe88889e2973a8e9a3f6f5f9bbe5dd411d7d521e86428c08a873a4a"},
    {file = "coverage-7.0.1-cp311-cp311-macosx_10_9_x86_64.whl", hash = "sha256:63d56165a7c76265468d7e0c5548215a5ba515fc2cba5232d17df97bffa10f6c"},
    {file = "coverage-7.0.1-cp311-cp311-macosx_11_0_arm64.whl", hash = "sha256:4f943a3b2bc520102dd3e0bb465e1286e12c9a54f58accd71b9e65324d9c7c01"},
    {file = "coverage-7.0.1-cp311-cp311-manylinux_2_17_aarch64.manylinux2014_aarch64.whl", hash = "sha256:830525361249dc4cd013652b0efad645a385707a5ae49350c894b67d23fbb07c"},
    {file = "coverage-7.0.1-cp311-cp311-manylinux_2_5_i686.manylinux1_i686.manylinux_2_17_i686.manylinux2014_i686.whl", hash = "sha256:fd1b9c5adc066db699ccf7fa839189a649afcdd9e02cb5dc9d24e67e7922737d"},
    {file = "coverage-7.0.1-cp311-cp311-manylinux_2_5_x86_64.manylinux1_x86_64.manylinux_2_17_x86_64.manylinux2014_x86_64.whl", hash = "sha256:e00c14720b8b3b6c23b487e70bd406abafc976ddc50490f645166f111c419c39"},
    {file = "coverage-7.0.1-cp311-cp311-musllinux_1_1_aarch64.whl", hash = "sha256:6d55d840e1b8c0002fce66443e124e8581f30f9ead2e54fbf6709fb593181f2c"},
    {file = "coverage-7.0.1-cp311-cp311-musllinux_1_1_i686.whl", hash = "sha256:66b18c3cf8bbab0cce0d7b9e4262dc830e93588986865a8c78ab2ae324b3ed56"},
    {file = "coverage-7.0.1-cp311-cp311-musllinux_1_1_x86_64.whl", hash = "sha256:12a5aa77783d49e05439fbe6e6b427484f8a0f9f456b46a51d8aac022cfd024d"},
    {file = "coverage-7.0.1-cp311-cp311-win32.whl", hash = "sha256:b77015d1cb8fe941be1222a5a8b4e3fbca88180cfa7e2d4a4e58aeabadef0ab7"},
    {file = "coverage-7.0.1-cp311-cp311-win_amd64.whl", hash = "sha256:fb992c47cb1e5bd6a01e97182400bcc2ba2077080a17fcd7be23aaa6e572e390"},
    {file = "coverage-7.0.1-cp37-cp37m-macosx_10_9_x86_64.whl", hash = "sha256:e78e9dcbf4f3853d3ae18a8f9272111242531535ec9e1009fa8ec4a2b74557dc"},
    {file = "coverage-7.0.1-cp37-cp37m-manylinux_2_17_aarch64.manylinux2014_aarch64.whl", hash = "sha256:e60bef2e2416f15fdc05772bf87db06c6a6f9870d1db08fdd019fbec98ae24a9"},
    {file = "coverage-7.0.1-cp37-cp37m-manylinux_2_5_i686.manylinux1_i686.manylinux_2_17_i686.manylinux2014_i686.whl", hash = "sha256:9823e4789ab70f3ec88724bba1a203f2856331986cd893dedbe3e23a6cfc1e4e"},
    {file = "coverage-7.0.1-cp37-cp37m-manylinux_2_5_x86_64.manylinux1_x86_64.manylinux_2_17_x86_64.manylinux2014_x86_64.whl", hash = "sha256:9158f8fb06747ac17bd237930c4372336edc85b6e13bdc778e60f9d685c3ca37"},
    {file = "coverage-7.0.1-cp37-cp37m-musllinux_1_1_aarch64.whl", hash = "sha256:486ee81fa694b4b796fc5617e376326a088f7b9729c74d9defa211813f3861e4"},
    {file = "coverage-7.0.1-cp37-cp37m-musllinux_1_1_i686.whl", hash = "sha256:1285648428a6101b5f41a18991c84f1c3959cee359e51b8375c5882fc364a13f"},
    {file = "coverage-7.0.1-cp37-cp37m-musllinux_1_1_x86_64.whl", hash = "sha256:2c44fcfb3781b41409d0f060a4ed748537557de9362a8a9282182fafb7a76ab4"},
    {file = "coverage-7.0.1-cp37-cp37m-win32.whl", hash = "sha256:d6814854c02cbcd9c873c0f3286a02e3ac1250625cca822ca6bc1018c5b19f1c"},
    {file = "coverage-7.0.1-cp37-cp37m-win_amd64.whl", hash = "sha256:f66460f17c9319ea4f91c165d46840314f0a7c004720b20be58594d162a441d8"},
    {file = "coverage-7.0.1-cp38-cp38-macosx_10_9_x86_64.whl", hash = "sha256:9b373c9345c584bb4b5f5b8840df7f4ab48c4cbb7934b58d52c57020d911b856"},
    {file = "coverage-7.0.1-cp38-cp38-macosx_11_0_arm64.whl", hash = "sha256:d3022c3007d3267a880b5adcf18c2a9bf1fc64469b394a804886b401959b8742"},
    {file = "coverage-7.0.1-cp38-cp38-manylinux_2_17_aarch64.manylinux2014_aarch64.whl", hash = "sha256:92651580bd46519067e36493acb394ea0607b55b45bd81dd4e26379ed1871f55"},
    {file = "coverage-7.0.1-cp38-cp38-manylinux_2_5_i686.manylinux1_i686.manylinux_2_17_i686.manylinux2014_i686.whl", hash = "sha256:3cfc595d2af13856505631be072835c59f1acf30028d1c860b435c5fc9c15b69"},
    {file = "coverage-7.0.1-cp38-cp38-manylinux_2_5_x86_64.manylinux1_x86_64.manylinux_2_17_x86_64.manylinux2014_x86_64.whl", hash = "sha256:0b4b3a4d9915b2be879aff6299c0a6129f3d08a775d5a061f503cf79571f73e4"},
    {file = "coverage-7.0.1-cp38-cp38-musllinux_1_1_aarch64.whl", hash = "sha256:b6f22bb64cc39bcb883e5910f99a27b200fdc14cdd79df8696fa96b0005c9444"},
    {file = "coverage-7.0.1-cp38-cp38-musllinux_1_1_i686.whl", hash = "sha256:72d1507f152abacea81f65fee38e4ef3ac3c02ff8bc16f21d935fd3a8a4ad910"},
    {file = "coverage-7.0.1-cp38-cp38-musllinux_1_1_x86_64.whl", hash = "sha256:0a79137fc99815fff6a852c233628e735ec15903cfd16da0f229d9c4d45926ab"},
    {file = "coverage-7.0.1-cp38-cp38-win32.whl", hash = "sha256:b3763e7fcade2ff6c8e62340af9277f54336920489ceb6a8cd6cc96da52fcc62"},
    {file = "coverage-7.0.1-cp38-cp38-win_amd64.whl", hash = "sha256:09f6b5a8415b6b3e136d5fec62b552972187265cb705097bf030eb9d4ffb9b60"},
    {file = "coverage-7.0.1-cp39-cp39-macosx_10_9_x86_64.whl", hash = "sha256:978258fec36c154b5e250d356c59af7d4c3ba02bef4b99cda90b6029441d797d"},
    {file = "coverage-7.0.1-cp39-cp39-macosx_11_0_arm64.whl", hash = "sha256:19ec666533f0f70a0993f88b8273057b96c07b9d26457b41863ccd021a043b9a"},
    {file = "coverage-7.0.1-cp39-cp39-manylinux_2_17_aarch64.manylinux2014_aarch64.whl", hash = "sha256:cfded268092a84605f1cc19e5c737f9ce630a8900a3589e9289622db161967e9"},
    {file = "coverage-7.0.1-cp39-cp39-manylinux_2_5_i686.manylinux1_i686.manylinux_2_17_i686.manylinux2014_i686.whl", hash = "sha256:07bcfb1d8ac94af886b54e18a88b393f6a73d5959bb31e46644a02453c36e475"},
    {file = "coverage-7.0.1-cp39-cp39-manylinux_2_5_x86_64.manylinux1_x86_64.manylinux_2_17_x86_64.manylinux2014_x86_64.whl", hash = "sha256:397b4a923cc7566bbc7ae2dfd0ba5a039b61d19c740f1373791f2ebd11caea59"},
    {file = "coverage-7.0.1-cp39-cp39-musllinux_1_1_aarch64.whl", hash = "sha256:aec2d1515d9d39ff270059fd3afbb3b44e6ec5758af73caf18991807138c7118"},
    {file = "coverage-7.0.1-cp39-cp39-musllinux_1_1_i686.whl", hash = "sha256:c20cfebcc149a4c212f6491a5f9ff56f41829cd4f607b5be71bb2d530ef243b1"},
    {file = "coverage-7.0.1-cp39-cp39-musllinux_1_1_x86_64.whl", hash = "sha256:fd556ff16a57a070ce4f31c635953cc44e25244f91a0378c6e9bdfd40fdb249f"},
    {file = "coverage-7.0.1-cp39-cp39-win32.whl", hash = "sha256:b9ea158775c7c2d3e54530a92da79496fb3fb577c876eec761c23e028f1e216c"},
    {file = "coverage-7.0.1-cp39-cp39-win_amd64.whl", hash = "sha256:d1991f1dd95eba69d2cd7708ff6c2bbd2426160ffc73c2b81f617a053ebcb1a8"},
    {file = "coverage-7.0.1-pp37.pp38.pp39-none-any.whl", hash = "sha256:3dd4ee135e08037f458425b8842d24a95a0961831a33f89685ff86b77d378f89"},
    {file = "coverage-7.0.1.tar.gz", hash = "sha256:a4a574a19eeb67575a5328a5760bbbb737faa685616586a9f9da4281f940109c"},
]

[package.dependencies]
tomli = {version = "*", optional = true, markers = "python_full_version <= \"3.11.0a6\" and extra == \"toml\""}

[package.extras]
toml = ["tomli"]

[[package]]
name = "exceptiongroup"
version = "1.1.0"
description = "Backport of PEP 654 (exception groups)"
category = "dev"
optional = false
python-versions = ">=3.7"
files = [
    {file = "exceptiongroup-1.1.0-py3-none-any.whl", hash = "sha256:327cbda3da756e2de031a3107b81ab7b3770a602c4d16ca618298c526f4bec1e"},
    {file = "exceptiongroup-1.1.0.tar.gz", hash = "sha256:bcb67d800a4497e1b404c2dd44fca47d3b7a5e5433dbab67f96c1a685cdfdf23"},
]

[package.extras]
test = ["pytest (>=6)"]

[[package]]
name = "factorio-draftsman"
version = "1.0.2"
description = "A complete, well-tested, and up-to-date module to manipulate Factorio blueprint strings. Compatible with mods."
category = "main"
optional = false
python-versions = "*"
files = [
    {file = "factorio-draftsman-1.0.2.tar.gz", hash = "sha256:49f6c5c4aa28912030480e07f2febcaf01e928183d492d2c60a42d800ac26f0e"},
    {file = "factorio_draftsman-1.0.2-py3-none-any.whl", hash = "sha256:c7cdc110185ab56ab1a7fb4d1b0015e2d9c73e429beca9a501cfd93d27f2f31e"},
]

[package.dependencies]
lupa = ">=1.10"
schema = ">=0.7.5"
six = ">=1.16.0"
typing = "*"

[[package]]
name = "flake8"
version = "6.0.0"
description = "the modular source code checker: pep8 pyflakes and co"
category = "dev"
optional = false
python-versions = ">=3.8.1"
files = [
    {file = "flake8-6.0.0-py2.py3-none-any.whl", hash = "sha256:3833794e27ff64ea4e9cf5d410082a8b97ff1a06c16aa3d2027339cd0f1195c7"},
    {file = "flake8-6.0.0.tar.gz", hash = "sha256:c61007e76655af75e6785a931f452915b371dc48f56efd765247c8fe68f2b181"},
]

[package.dependencies]
mccabe = ">=0.7.0,<0.8.0"
pycodestyle = ">=2.10.0,<2.11.0"
pyflakes = ">=3.0.0,<3.1.0"

[[package]]
name = "flake8-annotations-complexity"
version = "0.0.7"
description = "A flake8 extension that checks for type annotations complexity"
category = "dev"
optional = false
python-versions = ">=3.7"
files = [
    {file = "flake8_annotations_complexity-0.0.7-py3-none-any.whl", hash = "sha256:a1410f5b964927032471ce99932d1670d28ea323b50400b45cc14575be070508"},
    {file = "flake8_annotations_complexity-0.0.7.tar.gz", hash = "sha256:2ecd93375e3dee0d4e11e476087a52fa985c47bc049015ff04a9de38fc0c4dfd"},
]

[package.dependencies]
flake8 = "*"

[[package]]
name = "flake8-bugbear"
version = "22.12.6"
description = "A plugin for flake8 finding likely bugs and design problems in your program. Contains warnings that don't belong in pyflakes and pycodestyle."
category = "dev"
optional = false
python-versions = ">=3.7"
files = [
    {file = "flake8-bugbear-22.12.6.tar.gz", hash = "sha256:4cdb2c06e229971104443ae293e75e64c6107798229202fbe4f4091427a30ac0"},
    {file = "flake8_bugbear-22.12.6-py3-none-any.whl", hash = "sha256:b69a510634f8a9c298dfda2b18a8036455e6b19ecac4fe582e4d7a0abfa50a30"},
]

[package.dependencies]
attrs = ">=19.2.0"
flake8 = ">=3.0.0"

[package.extras]
dev = ["coverage", "hypothesis", "hypothesmith (>=0.2)", "pre-commit", "tox"]

[[package]]
name = "flake8-comprehensions"
version = "3.10.1"
description = "A flake8 plugin to help you write better list/set/dict comprehensions."
category = "dev"
optional = false
python-versions = ">=3.7"
files = [
    {file = "flake8-comprehensions-3.10.1.tar.gz", hash = "sha256:412052ac4a947f36b891143430fef4859705af11b2572fbb689f90d372cf26ab"},
    {file = "flake8_comprehensions-3.10.1-py3-none-any.whl", hash = "sha256:d763de3c74bc18a79c039a7ec732e0a1985b0c79309ceb51e56401ad0a2cd44e"},
]

[package.dependencies]
flake8 = ">=3.0,<3.2.0 || >3.2.0"

[[package]]
name = "flake8-pie"
version = "0.16.0"
description = "A flake8 extension that implements misc. lints"
category = "dev"
optional = false
python-versions = ">=3.7"
files = [
    {file = "flake8-pie-0.16.0.tar.gz", hash = "sha256:b8dcb7b92706fa33d05d92a4b3e49b7a9fd3f0041849166275b646ba50e515ba"},
    {file = "flake8_pie-0.16.0-py3-none-any.whl", hash = "sha256:24cd7849b0eee22e2328b9e9d2a1dea40013b0a3106864bbadd06a4b05dbb71f"},
]

[package.dependencies]
typing_extensions = "*"

[[package]]
name = "flake8-simplify"
version = "0.19.3"
description = "flake8 plugin which checks for code that can be simplified"
category = "dev"
optional = false
python-versions = ">=3.6.1"
files = [
    {file = "flake8_simplify-0.19.3-py3-none-any.whl", hash = "sha256:1057320e9312d75849541fee822900d27bcad05b2405edc84713affee635629e"},
    {file = "flake8_simplify-0.19.3.tar.gz", hash = "sha256:2fb083bf5142a98d9c9554755cf2f56f8926eb4a33eae30c0809041b1546879e"},
]

[package.dependencies]
astor = ">=0.1"
flake8 = ">=3.7"

[[package]]
name = "iniconfig"
version = "1.1.1"
description = "iniconfig: brain-dead simple config-ini parsing"
category = "dev"
optional = false
python-versions = "*"
files = [
    {file = "iniconfig-1.1.1-py2.py3-none-any.whl", hash = "sha256:011e24c64b7f47f6ebd835bb12a743f2fbe9a26d4cecaa7f53bc4f35ee9da8b3"},
    {file = "iniconfig-1.1.1.tar.gz", hash = "sha256:bc3af051d7d14b2ee5ef9969666def0cd1a000e121eaea580d4a313df4b37f32"},
]

[[package]]
name = "lupa"
version = "1.14.1"
description = "Python wrapper around Lua and LuaJIT"
category = "main"
optional = false
python-versions = "*"
files = [
    {file = "lupa-1.14.1-cp27-cp27m-macosx_10_15_x86_64.whl", hash = "sha256:20b486cda76ff141cfb5f28df9c757224c9ed91e78c5242d402d2e9cb699d464"},
    {file = "lupa-1.14.1-cp27-cp27m-manylinux_2_5_i686.manylinux1_i686.whl", hash = "sha256:c685143b18c79a3a1fa25a4cc774a87b5a61c606f249bcf824d125d8accb6b2c"},
    {file = "lupa-1.14.1-cp27-cp27m-manylinux_2_5_x86_64.manylinux1_x86_64.whl", hash = "sha256:3865f9dbe9a84bd6a471250e52068aaf1147f206a51905fb6d93e1db9efb00ee"},
    {file = "lupa-1.14.1-cp27-cp27m-win32.whl", hash = "sha256:2dacdddd5e28c6f5fd96a46c868ec5c34b0fad1ec7235b5bbb56f06183a37f20"},
    {file = "lupa-1.14.1-cp27-cp27m-win_amd64.whl", hash = "sha256:e754cbc6cacc9bca6ff2b39025e9659a2098420639d214054b06b466825f4470"},
    {file = "lupa-1.14.1-cp27-cp27mu-manylinux_2_5_i686.manylinux1_i686.whl", hash = "sha256:9e36f3eb70705841bce9c15e12bc6fc3b2f4f68a41ba0e4af303b22fc4d8667c"},
    {file = "lupa-1.14.1-cp27-cp27mu-manylinux_2_5_x86_64.manylinux1_x86_64.whl", hash = "sha256:0aac06098d46729edd2d04e80b55d9d310e902f042f27521308df77cb1ba0191"},
    {file = "lupa-1.14.1-cp310-cp310-macosx_10_15_x86_64.whl", hash = "sha256:9706a192339efa1a6b7d806389572a669dd9ae2250469ff1ce13f684085af0b4"},
    {file = "lupa-1.14.1-cp310-cp310-manylinux_2_17_aarch64.manylinux2014_aarch64.manylinux_2_28_aarch64.whl", hash = "sha256:d688a35f7fe614720ed7b820cbb739b37eff577a764c2003e229c2a752201cea"},
    {file = "lupa-1.14.1-cp310-cp310-manylinux_2_17_x86_64.manylinux2014_x86_64.manylinux_2_24_x86_64.whl", hash = "sha256:36d888bd42589ecad21a5fb957b46bc799640d18eff2fd0c47a79ffb4a1b286c"},
    {file = "lupa-1.14.1-cp310-cp310-manylinux_2_5_i686.manylinux1_i686.manylinux_2_24_i686.whl", hash = "sha256:0423acd739cf25dbdbf1e33a0aa8026f35e1edea0573db63d156f14a082d77c8"},
    {file = "lupa-1.14.1-cp310-cp310-musllinux_1_1_aarch64.whl", hash = "sha256:7068ae0d6a1a35ea8718ef6e103955c1ee143181bf0684604a76acc67f69de55"},
    {file = "lupa-1.14.1-cp310-cp310-musllinux_1_1_x86_64.whl", hash = "sha256:5fef8b755591f0466438ad0a3e92ecb21dd6bb1f05d0215139b6ff8c87b2ce65"},
    {file = "lupa-1.14.1-cp310-cp310-win32.whl", hash = "sha256:4a44e1fd0e9f4a546fbddd2e0fd913c823c9ac58a5f3160fb4f9109f633cb027"},
    {file = "lupa-1.14.1-cp310-cp310-win_amd64.whl", hash = "sha256:b83100cd7b48a7ca85dda4e9a6a5e7bc3312691e7f94c6a78d1f9a48a86a7fec"},
    {file = "lupa-1.14.1-cp311-cp311-macosx_10_15_universal2.whl", hash = "sha256:1b8bda50c61c98ff9bb41d1f4934640c323e9f1539021810016a2eae25a66c3d"},
    {file = "lupa-1.14.1-cp311-cp311-manylinux_2_17_aarch64.manylinux2014_aarch64.manylinux_2_28_aarch64.whl", hash = "sha256:aa1449aa1ab46c557344867496dee324b47ede0c41643df8f392b00262d21b12"},
    {file = "lupa-1.14.1-cp311-cp311-manylinux_2_17_x86_64.manylinux2014_x86_64.manylinux_2_24_x86_64.whl", hash = "sha256:a17ebf91b3aa1c5c36661e34c9cf10e04bb4cc00076e8b966f86749647162050"},
    {file = "lupa-1.14.1-cp311-cp311-manylinux_2_5_i686.manylinux1_i686.manylinux_2_24_i686.whl", hash = "sha256:b1d9cfa469e7a2ad7e9a00fea7196b0022aa52f43a2043c2e0be92122e7bcfe8"},
    {file = "lupa-1.14.1-cp311-cp311-musllinux_1_1_aarch64.whl", hash = "sha256:bc4f5e84aee0d567aa2e116ff6844d06086ef7404d5102807e59af5ce9daf3c0"},
    {file = "lupa-1.14.1-cp311-cp311-musllinux_1_1_x86_64.whl", hash = "sha256:40cf2eb90087dfe8ee002740469f2c4c5230d5e7d10ffb676602066d2f9b1ac9"},
    {file = "lupa-1.14.1-cp311-cp311-win_amd64.whl", hash = "sha256:63a27c38295aa971730795941270fff2ce65576f68ec63cb3ecb90d7a4526d03"},
    {file = "lupa-1.14.1-cp35-cp35m-manylinux_2_5_i686.manylinux1_i686.whl", hash = "sha256:457330e7a5456c4415fc6d38822036bd4cff214f9d8f7906200f6b588f1b2932"},
    {file = "lupa-1.14.1-cp35-cp35m-manylinux_2_5_x86_64.manylinux1_x86_64.whl", hash = "sha256:d61fb507a36e18dc68f2d9e9e2ea19e1114b1a5e578a36f18e9be7a17d2931d1"},
    {file = "lupa-1.14.1-cp35-cp35m-win32.whl", hash = "sha256:f26b73d10130ad73e07d45dfe9b7c3833e3a2aa1871a4ecf5ce2dc1abeeae74d"},
    {file = "lupa-1.14.1-cp35-cp35m-win_amd64.whl", hash = "sha256:297d801ba8e4e882b295c25d92f1634dde5e76d07ec6c35b13882401248c485d"},
    {file = "lupa-1.14.1-cp36-cp36m-macosx_10_15_x86_64.whl", hash = "sha256:c8bddd22eaeea0ce9d302b390d8bc606f003bf6c51be68e8b007504433b91280"},
    {file = "lupa-1.14.1-cp36-cp36m-manylinux_2_17_aarch64.manylinux2014_aarch64.whl", hash = "sha256:1661c890861cf0f7002d7a7e00f50c885577954c2d85a7173b218d3228fa3869"},
    {file = "lupa-1.14.1-cp36-cp36m-manylinux_2_17_x86_64.manylinux2014_x86_64.manylinux_2_24_x86_64.whl", hash = "sha256:2ee480d31555f00f8bf97dd949c596508bd60264cff1921a3797a03dd369e8cd"},
    {file = "lupa-1.14.1-cp36-cp36m-manylinux_2_5_i686.manylinux1_i686.manylinux_2_24_i686.whl", hash = "sha256:1ff93560c2546d7627ab2f95b5e88f000705db70a3d6041ac29d050f094f2a35"},
    {file = "lupa-1.14.1-cp36-cp36m-manylinux_2_5_i686.manylinux1_i686.whl", hash = "sha256:47f1459e2c98480c291ae3b70688d762f82dbb197ef121d529aa2c4e8bab1ba3"},
    {file = "lupa-1.14.1-cp36-cp36m-manylinux_2_5_x86_64.manylinux1_x86_64.whl", hash = "sha256:8986dba002346505ee44c78303339c97a346b883015d5cf3aaa0d76d3b952744"},
    {file = "lupa-1.14.1-cp36-cp36m-musllinux_1_1_x86_64.whl", hash = "sha256:8912459fddf691e70f2add799a128822bae725826cfb86f69720a38bdfa42410"},
    {file = "lupa-1.14.1-cp36-cp36m-win32.whl", hash = "sha256:9b9d1b98391959ae531bbb8df7559ac2c408fcbd33721921b6a05fd6414161e0"},
    {file = "lupa-1.14.1-cp36-cp36m-win_amd64.whl", hash = "sha256:61ff409040fa3a6c358b7274c10e556ba22afeb3470f8d23cd0a6bf418fb30c9"},
    {file = "lupa-1.14.1-cp37-cp37m-macosx_10_15_x86_64.whl", hash = "sha256:350ba2218eea800898854b02753dc0c9cfe83db315b30c0dc10ab17493f0321a"},
    {file = "lupa-1.14.1-cp37-cp37m-manylinux_2_17_aarch64.manylinux2014_aarch64.manylinux_2_24_aarch64.whl", hash = "sha256:46dcbc0eae63899468686bb1dfc2fe4ed21fe06f69416113f039d88aab18f5dc"},
    {file = "lupa-1.14.1-cp37-cp37m-manylinux_2_17_x86_64.manylinux2014_x86_64.manylinux_2_24_x86_64.whl", hash = "sha256:7ad96923e2092d8edbf0c1b274f9b522690b932ed47a70d9a0c1c329f169f107"},
    {file = "lupa-1.14.1-cp37-cp37m-manylinux_2_5_i686.manylinux1_i686.manylinux_2_24_i686.whl", hash = "sha256:364b291bf2b55555c87b4bffb4db5a9619bcdb3c02e58aebde5319c3c59ec9b2"},
    {file = "lupa-1.14.1-cp37-cp37m-manylinux_2_5_i686.manylinux1_i686.whl", hash = "sha256:0ed071efc8ee231fac1fcd6b6fce44dc6da75a352b9b78403af89a48d759743c"},
    {file = "lupa-1.14.1-cp37-cp37m-manylinux_2_5_x86_64.manylinux1_x86_64.whl", hash = "sha256:bce60847bebb4aa9ed3436fab3e84585e9094e15e1cb8d32e16e041c4ef65331"},
    {file = "lupa-1.14.1-cp37-cp37m-musllinux_1_1_aarch64.whl", hash = "sha256:5fbe7f83b0007cda3b158a93726c80dfd39003a8c5c5d608f6fdf8c60c42117f"},
    {file = "lupa-1.14.1-cp37-cp37m-musllinux_1_1_x86_64.whl", hash = "sha256:4bd789967cbb5c84470f358c7fa8fcbf7464185adbd872a6c3de9b42d29a6d26"},
    {file = "lupa-1.14.1-cp37-cp37m-win32.whl", hash = "sha256:ca58da94a6495dda0063ba975fe2e6f722c5e84c94f09955671b279c41cfde96"},
    {file = "lupa-1.14.1-cp37-cp37m-win_amd64.whl", hash = "sha256:51d6965663b2be1a593beabfa10803fdbbcf0b293aa4a53ea09a23db89787d0d"},
    {file = "lupa-1.14.1-cp38-cp38-macosx_10_15_x86_64.whl", hash = "sha256:d251ba009996a47231615ea6b78123c88446979ae99b5585269ec46f7a9197aa"},
    {file = "lupa-1.14.1-cp38-cp38-manylinux_2_17_aarch64.manylinux2014_aarch64.manylinux_2_24_aarch64.whl", hash = "sha256:abe3fc103d7bd34e7028d06db557304979f13ebf9050ad0ea6c1cc3a1caea017"},
    {file = "lupa-1.14.1-cp38-cp38-manylinux_2_17_x86_64.manylinux2014_x86_64.manylinux_2_24_x86_64.whl", hash = "sha256:4ea185c394bf7d07e9643d868e50cc94a530bb298d4bdae4915672b3809cc72b"},
    {file = "lupa-1.14.1-cp38-cp38-manylinux_2_5_i686.manylinux1_i686.manylinux_2_24_i686.whl", hash = "sha256:6aff7257b5953de620db489899406cddb22093d1124fc5b31f8900e44a9dbc2a"},
    {file = "lupa-1.14.1-cp38-cp38-manylinux_2_5_i686.manylinux1_i686.whl", hash = "sha256:d6f5bfbd8fc48c27786aef8f30c84fd9197747fa0b53761e69eb968d81156cbf"},
    {file = "lupa-1.14.1-cp38-cp38-manylinux_2_5_x86_64.manylinux1_x86_64.whl", hash = "sha256:dec7580b86975bc5bdf4cc54638c93daaec10143b4acc4a6c674c0f7e27dd363"},
    {file = "lupa-1.14.1-cp38-cp38-musllinux_1_1_aarch64.whl", hash = "sha256:96a201537930813b34145daf337dcd934ddfaebeba6452caf8a32a418e145e82"},
    {file = "lupa-1.14.1-cp38-cp38-musllinux_1_1_x86_64.whl", hash = "sha256:c0efaae8e7276f4feb82cba43c3cd45c82db820c9dab3965a8f2e0cb8b0bc30b"},
    {file = "lupa-1.14.1-cp38-cp38-win32.whl", hash = "sha256:b6953854a343abdfe11aa52a2d021fadf3d77d0cd2b288b650f149b597e0d02d"},
    {file = "lupa-1.14.1-cp38-cp38-win_amd64.whl", hash = "sha256:c79ced2aaf7577e3d06933cf0d323fa968e6864c498c376b0bd475ded86f01f3"},
    {file = "lupa-1.14.1-cp39-cp39-macosx_10_15_x86_64.whl", hash = "sha256:72589a21a3776c7dd4b05374780e7ecf1b49c490056077fc91486461935eaaa3"},
    {file = "lupa-1.14.1-cp39-cp39-manylinux_2_17_aarch64.manylinux2014_aarch64.manylinux_2_24_aarch64.whl", hash = "sha256:30d356a433653b53f1fe29477faaf5e547b61953b971b010d2185a561f4ce82a"},
    {file = "lupa-1.14.1-cp39-cp39-manylinux_2_17_x86_64.manylinux2014_x86_64.manylinux_2_24_x86_64.whl", hash = "sha256:2116eb467797d5a134b2c997dfc7974b9a84b3aa5776c17ba8578ed4f5f41a9b"},
    {file = "lupa-1.14.1-cp39-cp39-manylinux_2_5_i686.manylinux1_i686.manylinux_2_24_i686.whl", hash = "sha256:24d6c3435d38614083d197f3e7bcfe6d3d9eb02ee393d60a4ab9c719bc000162"},
    {file = "lupa-1.14.1-cp39-cp39-manylinux_2_5_i686.manylinux1_i686.whl", hash = "sha256:9144ecfa5e363f03e4d1c1e678b081cd223438be08f96604fca478591c3e3b53"},
    {file = "lupa-1.14.1-cp39-cp39-manylinux_2_5_x86_64.manylinux1_x86_64.whl", hash = "sha256:69be1d6c3f3ab9fc988c9a0e5801f23f68e2c8b5900a8fd3ae57d1d0e9c5539c"},
    {file = "lupa-1.14.1-cp39-cp39-musllinux_1_1_aarch64.whl", hash = "sha256:77b587043d0bee9cc738e00c12718095cf808dd269b171f852bd82026c664c69"},
    {file = "lupa-1.14.1-cp39-cp39-musllinux_1_1_x86_64.whl", hash = "sha256:62530cf0a9c749a3cd13ad92b31eaf178939d642b6176b46cfcd98f6c5006383"},
    {file = "lupa-1.14.1-cp39-cp39-win32.whl", hash = "sha256:d891b43b8810191eb4c42a0bc57c32f481098029aac42b176108e09ffe118cdc"},
    {file = "lupa-1.14.1-cp39-cp39-win_amd64.whl", hash = "sha256:cf643bc48a152e2c572d8be7fc1de1c417a6a9648d337ffedebf00f57016b786"},
    {file = "lupa-1.14.1-pp37-pypy37_pp73-manylinux_2_17_x86_64.manylinux2014_x86_64.manylinux_2_24_x86_64.whl", hash = "sha256:0ac862c6d2eb542ac70d294a8e960b9ae7f46297559733b4c25f9e3c945e522a"},
    {file = "lupa-1.14.1-pp37-pypy37_pp73-manylinux_2_5_i686.manylinux1_i686.manylinux_2_24_i686.whl", hash = "sha256:0a15680f425b91ec220eb84b0ab59d24c4bee69d15b88245a6998a7d38c78ba6"},
    {file = "lupa-1.14.1-pp37-pypy37_pp73-win32.whl", hash = "sha256:8a064d72991ba53aeea9720d95f2055f7f8a1e2f35b32a35d92248b63a94bcd1"},
    {file = "lupa-1.14.1-pp38-pypy38_pp73-macosx_10_15_x86_64.whl", hash = "sha256:6d87d6c51e6c3b6326d18af83e81f4860ba0b287cda1101b1ab8562389d598f5"},
    {file = "lupa-1.14.1-pp38-pypy38_pp73-manylinux_2_17_x86_64.manylinux2014_x86_64.manylinux_2_24_x86_64.whl", hash = "sha256:b3efe9d887cfdf459054308ecb716e0eb11acb9a96c3022ee4e677c1f510d244"},
    {file = "lupa-1.14.1-pp38-pypy38_pp73-manylinux_2_5_i686.manylinux1_i686.manylinux_2_24_i686.whl", hash = "sha256:723fff6fcab5e7045e0fa79014729577f98082bd1fd1050f907f83a41e4c9865"},
    {file = "lupa-1.14.1-pp38-pypy38_pp73-win_amd64.whl", hash = "sha256:930092a27157241d07d6d09ff01d5530a9e4c0dd515228211f2902b7e88ec1f0"},
    {file = "lupa-1.14.1-pp39-pypy39_pp73-manylinux_2_17_x86_64.manylinux2014_x86_64.manylinux_2_24_x86_64.whl", hash = "sha256:7f6bc9852bdf7b16840c984a1e9f952815f7d4b3764585d20d2e062bd1128074"},
    {file = "lupa-1.14.1-pp39-pypy39_pp73-manylinux_2_5_i686.manylinux1_i686.manylinux_2_24_i686.whl", hash = "sha256:8f65d2007092a04616c215fea5ad05ba8f661bd0f45cde5265d27150f64d3dd8"},
    {file = "lupa-1.14.1.tar.gz", hash = "sha256:d0fd4e60ad149fe25c90530e2a0e032a42a6f0455f29ca0edb8170d6ec751c6e"},
]

[[package]]
name = "mccabe"
version = "0.7.0"
description = "McCabe checker, plugin for flake8"
category = "dev"
optional = false
python-versions = ">=3.6"
files = [
    {file = "mccabe-0.7.0-py2.py3-none-any.whl", hash = "sha256:6c2d30ab6be0e4a46919781807b4f0d834ebdd6c6e3dca0bda5a15f863427b6e"},
    {file = "mccabe-0.7.0.tar.gz", hash = "sha256:348e0240c33b60bbdf4e523192ef919f28cb2c3d7d5c7794f74009290f236325"},
]

[[package]]
name = "mypy"
version = "0.991"
description = "Optional static typing for Python"
category = "dev"
optional = false
python-versions = ">=3.7"
files = [
    {file = "mypy-0.991-cp310-cp310-macosx_10_9_universal2.whl", hash = "sha256:7d17e0a9707d0772f4a7b878f04b4fd11f6f5bcb9b3813975a9b13c9332153ab"},
    {file = "mypy-0.991-cp310-cp310-macosx_10_9_x86_64.whl", hash = "sha256:0714258640194d75677e86c786e80ccf294972cc76885d3ebbb560f11db0003d"},
    {file = "mypy-0.991-cp310-cp310-macosx_11_0_arm64.whl", hash = "sha256:0c8f3be99e8a8bd403caa8c03be619544bc2c77a7093685dcf308c6b109426c6"},
    {file = "mypy-0.991-cp310-cp310-manylinux_2_17_x86_64.manylinux2014_x86_64.whl", hash = "sha256:bc9ec663ed6c8f15f4ae9d3c04c989b744436c16d26580eaa760ae9dd5d662eb"},
    {file = "mypy-0.991-cp310-cp310-musllinux_1_1_x86_64.whl", hash = "sha256:4307270436fd7694b41f913eb09210faff27ea4979ecbcd849e57d2da2f65305"},
    {file = "mypy-0.991-cp310-cp310-win_amd64.whl", hash = "sha256:901c2c269c616e6cb0998b33d4adbb4a6af0ac4ce5cd078afd7bc95830e62c1c"},
    {file = "mypy-0.991-cp311-cp311-macosx_10_9_universal2.whl", hash = "sha256:d13674f3fb73805ba0c45eb6c0c3053d218aa1f7abead6e446d474529aafc372"},
    {file = "mypy-0.991-cp311-cp311-macosx_10_9_x86_64.whl", hash = "sha256:1c8cd4fb70e8584ca1ed5805cbc7c017a3d1a29fb450621089ffed3e99d1857f"},
    {file = "mypy-0.991-cp311-cp311-macosx_11_0_arm64.whl", hash = "sha256:209ee89fbb0deed518605edddd234af80506aec932ad28d73c08f1400ef80a33"},
    {file = "mypy-0.991-cp311-cp311-manylinux_2_17_x86_64.manylinux2014_x86_64.whl", hash = "sha256:37bd02ebf9d10e05b00d71302d2c2e6ca333e6c2a8584a98c00e038db8121f05"},
    {file = "mypy-0.991-cp311-cp311-musllinux_1_1_x86_64.whl", hash = "sha256:26efb2fcc6b67e4d5a55561f39176821d2adf88f2745ddc72751b7890f3194ad"},
    {file = "mypy-0.991-cp311-cp311-win_amd64.whl", hash = "sha256:3a700330b567114b673cf8ee7388e949f843b356a73b5ab22dd7cff4742a5297"},
    {file = "mypy-0.991-cp37-cp37m-macosx_10_9_x86_64.whl", hash = "sha256:1f7d1a520373e2272b10796c3ff721ea1a0712288cafaa95931e66aa15798813"},
    {file = "mypy-0.991-cp37-cp37m-manylinux_2_17_x86_64.manylinux2014_x86_64.whl", hash = "sha256:641411733b127c3e0dab94c45af15fea99e4468f99ac88b39efb1ad677da5711"},
    {file = "mypy-0.991-cp37-cp37m-musllinux_1_1_x86_64.whl", hash = "sha256:3d80e36b7d7a9259b740be6d8d906221789b0d836201af4234093cae89ced0cd"},
    {file = "mypy-0.991-cp37-cp37m-win_amd64.whl", hash = "sha256:e62ebaad93be3ad1a828a11e90f0e76f15449371ffeecca4a0a0b9adc99abcef"},
    {file = "mypy-0.991-cp38-cp38-macosx_10_9_universal2.whl", hash = "sha256:b86ce2c1866a748c0f6faca5232059f881cda6dda2a893b9a8373353cfe3715a"},
    {file = "mypy-0.991-cp38-cp38-macosx_10_9_x86_64.whl", hash = "sha256:ac6e503823143464538efda0e8e356d871557ef60ccd38f8824a4257acc18d93"},
    {file = "mypy-0.991-cp38-cp38-macosx_11_0_arm64.whl", hash = "sha256:0cca5adf694af539aeaa6ac633a7afe9bbd760df9d31be55ab780b77ab5ae8bf"},
    {file = "mypy-0.991-cp38-cp38-manylinux_2_17_x86_64.manylinux2014_x86_64.whl", hash = "sha256:a12c56bf73cdab116df96e4ff39610b92a348cc99a1307e1da3c3768bbb5b135"},
    {file = "mypy-0.991-cp38-cp38-musllinux_1_1_x86_64.whl", hash = "sha256:652b651d42f155033a1967739788c436491b577b6a44e4c39fb340d0ee7f0d70"},
    {file = "mypy-0.991-cp38-cp38-win_amd64.whl", hash = "sha256:4175593dc25d9da12f7de8de873a33f9b2b8bdb4e827a7cae952e5b1a342e243"},
    {file = "mypy-0.991-cp39-cp39-macosx_10_9_universal2.whl", hash = "sha256:98e781cd35c0acf33eb0295e8b9c55cdbef64fcb35f6d3aa2186f289bed6e80d"},
    {file = "mypy-0.991-cp39-cp39-macosx_10_9_x86_64.whl", hash = "sha256:6d7464bac72a85cb3491c7e92b5b62f3dcccb8af26826257760a552a5e244aa5"},
    {file = "mypy-0.991-cp39-cp39-macosx_11_0_arm64.whl", hash = "sha256:c9166b3f81a10cdf9b49f2d594b21b31adadb3d5e9db9b834866c3258b695be3"},
    {file = "mypy-0.991-cp39-cp39-manylinux_2_17_x86_64.manylinux2014_x86_64.whl", hash = "sha256:b8472f736a5bfb159a5e36740847808f6f5b659960115ff29c7cecec1741c648"},
    {file = "mypy-0.991-cp39-cp39-musllinux_1_1_x86_64.whl", hash = "sha256:5e80e758243b97b618cdf22004beb09e8a2de1af481382e4d84bc52152d1c476"},
    {file = "mypy-0.991-cp39-cp39-win_amd64.whl", hash = "sha256:74e259b5c19f70d35fcc1ad3d56499065c601dfe94ff67ae48b85596b9ec1461"},
    {file = "mypy-0.991-py3-none-any.whl", hash = "sha256:de32edc9b0a7e67c2775e574cb061a537660e51210fbf6006b0b36ea695ae9bb"},
    {file = "mypy-0.991.tar.gz", hash = "sha256:3c0165ba8f354a6d9881809ef29f1a9318a236a6d81c690094c5df32107bde06"},
]

[package.dependencies]
mypy-extensions = ">=0.4.3"
tomli = {version = ">=1.1.0", markers = "python_version < \"3.11\""}
typing-extensions = ">=3.10"

[package.extras]
dmypy = ["psutil (>=4.0)"]
install-types = ["pip"]
python2 = ["typed-ast (>=1.4.0,<2)"]
reports = ["lxml"]

[[package]]
name = "mypy-extensions"
version = "0.4.3"
description = "Experimental type system extensions for programs checked with the mypy typechecker."
category = "dev"
optional = false
python-versions = "*"
files = [
    {file = "mypy_extensions-0.4.3-py2.py3-none-any.whl", hash = "sha256:090fedd75945a69ae91ce1303b5824f428daf5a028d2f6ab8a299250a846f15d"},
    {file = "mypy_extensions-0.4.3.tar.gz", hash = "sha256:2d82818f5bb3e369420cb3c4060a7970edba416647068eb4c5343488a6c604a8"},
]

[[package]]
name = "packaging"
version = "22.0"
description = "Core utilities for Python packages"
category = "dev"
optional = false
python-versions = ">=3.7"
files = [
    {file = "packaging-22.0-py3-none-any.whl", hash = "sha256:957e2148ba0e1a3b282772e791ef1d8083648bc131c8ab0c1feba110ce1146c3"},
    {file = "packaging-22.0.tar.gz", hash = "sha256:2198ec20bd4c017b8f9717e00f0c8714076fc2fd93816750ab48e2c41de2cfd3"},
]

[[package]]
name = "pathspec"
version = "0.10.3"
description = "Utility library for gitignore style pattern matching of file paths."
category = "dev"
optional = false
python-versions = ">=3.7"
files = [
    {file = "pathspec-0.10.3-py3-none-any.whl", hash = "sha256:3c95343af8b756205e2aba76e843ba9520a24dd84f68c22b9f93251507509dd6"},
    {file = "pathspec-0.10.3.tar.gz", hash = "sha256:56200de4077d9d0791465aa9095a01d421861e405b5096955051deefd697d6f6"},
]

[[package]]
name = "platformdirs"
version = "2.6.2"
description = "A small Python package for determining appropriate platform-specific dirs, e.g. a \"user data dir\"."
category = "dev"
optional = false
python-versions = ">=3.7"
files = [
    {file = "platformdirs-2.6.2-py3-none-any.whl", hash = "sha256:83c8f6d04389165de7c9b6f0c682439697887bca0aa2f1c87ef1826be3584490"},
    {file = "platformdirs-2.6.2.tar.gz", hash = "sha256:e1fea1fe471b9ff8332e229df3cb7de4f53eeea4998d3b6bfff542115e998bd2"},
]

[package.extras]
docs = ["furo (>=2022.12.7)", "proselint (>=0.13)", "sphinx (>=5.3)", "sphinx-autodoc-typehints (>=1.19.5)"]
test = ["appdirs (==1.4.4)", "covdefaults (>=2.2.2)", "pytest (>=7.2)", "pytest-cov (>=4)", "pytest-mock (>=3.10)"]

[[package]]
name = "pluggy"
version = "1.0.0"
description = "plugin and hook calling mechanisms for python"
category = "dev"
optional = false
python-versions = ">=3.6"
files = [
    {file = "pluggy-1.0.0-py2.py3-none-any.whl", hash = "sha256:74134bbf457f031a36d68416e1509f34bd5ccc019f0bcc952c7b909d06b37bd3"},
    {file = "pluggy-1.0.0.tar.gz", hash = "sha256:4224373bacce55f955a878bf9cfa763c1e360858e330072059e10bad68531159"},
]

[package.extras]
dev = ["pre-commit", "tox"]
testing = ["pytest", "pytest-benchmark"]

[[package]]
name = "pycodestyle"
version = "2.10.0"
description = "Python style guide checker"
category = "dev"
optional = false
python-versions = ">=3.6"
files = [
    {file = "pycodestyle-2.10.0-py2.py3-none-any.whl", hash = "sha256:8a4eaf0d0495c7395bdab3589ac2db602797d76207242c17d470186815706610"},
    {file = "pycodestyle-2.10.0.tar.gz", hash = "sha256:347187bdb476329d98f695c213d7295a846d1152ff4fe9bacb8a9590b8ee7053"},
]

[[package]]
name = "pyflakes"
version = "3.0.1"
description = "passive checker of Python programs"
category = "dev"
optional = false
python-versions = ">=3.6"
files = [
    {file = "pyflakes-3.0.1-py2.py3-none-any.whl", hash = "sha256:ec55bf7fe21fff7f1ad2f7da62363d749e2a470500eab1b555334b67aa1ef8cf"},
    {file = "pyflakes-3.0.1.tar.gz", hash = "sha256:ec8b276a6b60bd80defed25add7e439881c19e64850afd9b346283d4165fd0fd"},
]

[[package]]
name = "pytest"
version = "7.2.0"
description = "pytest: simple powerful testing with Python"
category = "dev"
optional = false
python-versions = ">=3.7"
files = [
    {file = "pytest-7.2.0-py3-none-any.whl", hash = "sha256:892f933d339f068883b6fd5a459f03d85bfcb355e4981e146d2c7616c21fef71"},
    {file = "pytest-7.2.0.tar.gz", hash = "sha256:c4014eb40e10f11f355ad4e3c2fb2c6c6d1919c73f3b5a433de4708202cade59"},
]

[package.dependencies]
attrs = ">=19.2.0"
colorama = {version = "*", markers = "sys_platform == \"win32\""}
exceptiongroup = {version = ">=1.0.0rc8", markers = "python_version < \"3.11\""}
iniconfig = "*"
packaging = "*"
pluggy = ">=0.12,<2.0"
tomli = {version = ">=1.0.0", markers = "python_version < \"3.11\""}

[package.extras]
testing = ["argcomplete", "hypothesis (>=3.56)", "mock", "nose", "pygments (>=2.7.2)", "requests", "xmlschema"]

[[package]]
name = "pytest-cov"
version = "4.0.0"
description = "Pytest plugin for measuring coverage."
category = "dev"
optional = false
python-versions = ">=3.6"
files = [
    {file = "pytest-cov-4.0.0.tar.gz", hash = "sha256:996b79efde6433cdbd0088872dbc5fb3ed7fe1578b68cdbba634f14bb8dd0470"},
    {file = "pytest_cov-4.0.0-py3-none-any.whl", hash = "sha256:2feb1b751d66a8bd934e5edfa2e961d11309dc37b73b0eabe73b5945fee20f6b"},
]

[package.dependencies]
coverage = {version = ">=5.2.1", extras = ["toml"]}
pytest = ">=4.6"

[package.extras]
testing = ["fields", "hunter", "process-tests", "pytest-xdist", "six", "virtualenv"]

[[package]]
name = "schema"
version = "0.7.5"
description = "Simple data validation library"
category = "main"
optional = false
python-versions = "*"
files = [
    {file = "schema-0.7.5-py2.py3-none-any.whl", hash = "sha256:f3ffdeeada09ec34bf40d7d79996d9f7175db93b7a5065de0faa7f41083c1e6c"},
    {file = "schema-0.7.5.tar.gz", hash = "sha256:f06717112c61895cabc4707752b88716e8420a8819d71404501e114f91043197"},
]

[package.dependencies]
contextlib2 = ">=0.5.5"

[[package]]
name = "six"
version = "1.16.0"
description = "Python 2 and 3 compatibility utilities"
category = "main"
optional = false
python-versions = ">=2.7, !=3.0.*, !=3.1.*, !=3.2.*"
files = [
    {file = "six-1.16.0-py2.py3-none-any.whl", hash = "sha256:8abb2f1d86890a2dfb989f9a77cfcfd3e47c2a354b01111771326f8aa26e0254"},
    {file = "six-1.16.0.tar.gz", hash = "sha256:1e61c37477a1626458e36f7b1d82aa5c9b094fa4802892072e49de9c60c4c926"},
]

[[package]]
name = "tomli"
version = "2.0.1"
description = "A lil' TOML parser"
category = "dev"
optional = false
python-versions = ">=3.7"
files = [
    {file = "tomli-2.0.1-py3-none-any.whl", hash = "sha256:939de3e7a6161af0c887ef91b7d41a53e7c5a1ca976325f429cb46ea9bc30ecc"},
    {file = "tomli-2.0.1.tar.gz", hash = "sha256:de526c12914f0c550d15924c62d72abc48d6fe7364aa87328337a31007fe8a4f"},
]

[[package]]
name = "typing"
version = "3.7.4.3"
description = "Type Hints for Python"
category = "main"
optional = false
python-versions = ">=2.7, !=3.0.*, !=3.1.*, !=3.2.*, !=3.3.*"
files = [
    {file = "typing-3.7.4.3-py2-none-any.whl", hash = "sha256:283d868f5071ab9ad873e5e52268d611e851c870a2ba354193026f2dfb29d8b5"},
    {file = "typing-3.7.4.3.tar.gz", hash = "sha256:1187fb9c82fd670d10aa07bbb6cfcfe4bdda42d6fab8d5134f04e8c4d0b71cc9"},
]

[[package]]
name = "typing-extensions"
version = "4.4.0"
description = "Backported and Experimental Type Hints for Python 3.7+"
category = "dev"
optional = false
python-versions = ">=3.7"
files = [
    {file = "typing_extensions-4.4.0-py3-none-any.whl", hash = "sha256:16fa4864408f655d35ec496218b85f79b3437c829e93320c7c9215ccfd92489e"},
    {file = "typing_extensions-4.4.0.tar.gz", hash = "sha256:1511434bb92bf8dd198c12b1cc812e800d4181cfcb867674e0f8279cc93087aa"},
]

[metadata]
lock-version = "2.0"
python-versions = "^3.10"
content-hash = "ee968e9e404b268815e543993dadb8a8b7005e87818d39a233ce40e242ba983e"
